// !$*UTF8*$!
{
	archiveVersion = 1;
	classes = {
	};
	objectVersion = 48;
	objects = {

/* Begin PBXBuildFile section */
		0D2F9B302182F0AC006C699D /* AppDelegate.swift in Sources */ = {isa = PBXBuildFile; fileRef = 0D2F9B2F2182F0AC006C699D /* AppDelegate.swift */; };
		0D2F9B322182F0AC006C699D /* ViewController.swift in Sources */ = {isa = PBXBuildFile; fileRef = 0D2F9B312182F0AC006C699D /* ViewController.swift */; };
		0D2F9B352182F0AC006C699D /* Main.storyboard in Resources */ = {isa = PBXBuildFile; fileRef = 0D2F9B332182F0AC006C699D /* Main.storyboard */; };
		0D2F9B382182F0AC006C699D /* iOS_Jenkins.xcdatamodeld in Sources */ = {isa = PBXBuildFile; fileRef = 0D2F9B362182F0AC006C699D /* iOS_Jenkins.xcdatamodeld */; };
		0D2F9B3A2182F0AC006C699D /* Assets.xcassets in Resources */ = {isa = PBXBuildFile; fileRef = 0D2F9B392182F0AC006C699D /* Assets.xcassets */; };
		0D2F9B3D2182F0AC006C699D /* LaunchScreen.storyboard in Resources */ = {isa = PBXBuildFile; fileRef = 0D2F9B3B2182F0AC006C699D /* LaunchScreen.storyboard */; };
		0D2F9B482182F0AC006C699D /* iOS_JenkinsTests.swift in Sources */ = {isa = PBXBuildFile; fileRef = 0D2F9B472182F0AC006C699D /* iOS_JenkinsTests.swift */; };
		0D2F9B532182F0AC006C699D /* iOS_JenkinsUITests.swift in Sources */ = {isa = PBXBuildFile; fileRef = 0D2F9B522182F0AC006C699D /* iOS_JenkinsUITests.swift */; };
/* End PBXBuildFile section */

/* Begin PBXContainerItemProxy section */
		0D2F9B442182F0AC006C699D /* PBXContainerItemProxy */ = {
			isa = PBXContainerItemProxy;
			containerPortal = 0D2F9B242182F0AC006C699D /* Project object */;
			proxyType = 1;
			remoteGlobalIDString = 0D2F9B2B2182F0AC006C699D;
			remoteInfo = "iOS-Jenkins";
		};
		0D2F9B4F2182F0AC006C699D /* PBXContainerItemProxy */ = {
			isa = PBXContainerItemProxy;
			containerPortal = 0D2F9B242182F0AC006C699D /* Project object */;
			proxyType = 1;
			remoteGlobalIDString = 0D2F9B2B2182F0AC006C699D;
			remoteInfo = "iOS-Jenkins";
		};
/* End PBXContainerItemProxy section */

/* Begin PBXFileReference section */
		0D2F9B2C2182F0AC006C699D /* iOS-Jenkins.app */ = {isa = PBXFileReference; explicitFileType = wrapper.application; includeInIndex = 0; path = "iOS-Jenkins.app"; sourceTree = BUILT_PRODUCTS_DIR; };
		0D2F9B2F2182F0AC006C699D /* AppDelegate.swift */ = {isa = PBXFileReference; lastKnownFileType = sourcecode.swift; path = AppDelegate.swift; sourceTree = "<group>"; };
		0D2F9B312182F0AC006C699D /* ViewController.swift */ = {isa = PBXFileReference; lastKnownFileType = sourcecode.swift; path = ViewController.swift; sourceTree = "<group>"; };
		0D2F9B342182F0AC006C699D /* Base */ = {isa = PBXFileReference; lastKnownFileType = file.storyboard; name = Base; path = Base.lproj/Main.storyboard; sourceTree = "<group>"; };
		0D2F9B372182F0AC006C699D /* iOS_Jenkins.xcdatamodel */ = {isa = PBXFileReference; lastKnownFileType = wrapper.xcdatamodel; path = iOS_Jenkins.xcdatamodel; sourceTree = "<group>"; };
		0D2F9B392182F0AC006C699D /* Assets.xcassets */ = {isa = PBXFileReference; lastKnownFileType = folder.assetcatalog; path = Assets.xcassets; sourceTree = "<group>"; };
		0D2F9B3C2182F0AC006C699D /* Base */ = {isa = PBXFileReference; lastKnownFileType = file.storyboard; name = Base; path = Base.lproj/LaunchScreen.storyboard; sourceTree = "<group>"; };
		0D2F9B3E2182F0AC006C699D /* Info.plist */ = {isa = PBXFileReference; lastKnownFileType = text.plist.xml; path = Info.plist; sourceTree = "<group>"; };
		0D2F9B432182F0AC006C699D /* iOS-JenkinsTests.xctest */ = {isa = PBXFileReference; explicitFileType = wrapper.cfbundle; includeInIndex = 0; path = "iOS-JenkinsTests.xctest"; sourceTree = BUILT_PRODUCTS_DIR; };
		0D2F9B472182F0AC006C699D /* iOS_JenkinsTests.swift */ = {isa = PBXFileReference; lastKnownFileType = sourcecode.swift; path = iOS_JenkinsTests.swift; sourceTree = "<group>"; };
		0D2F9B492182F0AC006C699D /* Info.plist */ = {isa = PBXFileReference; lastKnownFileType = text.plist.xml; path = Info.plist; sourceTree = "<group>"; };
		0D2F9B4E2182F0AC006C699D /* iOS-JenkinsUITests.xctest */ = {isa = PBXFileReference; explicitFileType = wrapper.cfbundle; includeInIndex = 0; path = "iOS-JenkinsUITests.xctest"; sourceTree = BUILT_PRODUCTS_DIR; };
		0D2F9B522182F0AC006C699D /* iOS_JenkinsUITests.swift */ = {isa = PBXFileReference; lastKnownFileType = sourcecode.swift; path = iOS_JenkinsUITests.swift; sourceTree = "<group>"; };
		0D2F9B542182F0AC006C699D /* Info.plist */ = {isa = PBXFileReference; lastKnownFileType = text.plist.xml; path = Info.plist; sourceTree = "<group>"; };
/* End PBXFileReference section */

/* Begin PBXFrameworksBuildPhase section */
		0D2F9B292182F0AC006C699D /* Frameworks */ = {
			isa = PBXFrameworksBuildPhase;
			buildActionMask = 2147483647;
			files = (
			);
			runOnlyForDeploymentPostprocessing = 0;
		};
		0D2F9B402182F0AC006C699D /* Frameworks */ = {
			isa = PBXFrameworksBuildPhase;
			buildActionMask = 2147483647;
			files = (
			);
			runOnlyForDeploymentPostprocessing = 0;
		};
		0D2F9B4B2182F0AC006C699D /* Frameworks */ = {
			isa = PBXFrameworksBuildPhase;
			buildActionMask = 2147483647;
			files = (
			);
			runOnlyForDeploymentPostprocessing = 0;
		};
/* End PBXFrameworksBuildPhase section */

/* Begin PBXGroup section */
		0D2F9B232182F0AC006C699D = {
			isa = PBXGroup;
			children = (
				0D2F9B2E2182F0AC006C699D /* iOS-Jenkins */,
				0D2F9B462182F0AC006C699D /* iOS-JenkinsTests */,
				0D2F9B512182F0AC006C699D /* iOS-JenkinsUITests */,
				0D2F9B2D2182F0AC006C699D /* Products */,
			);
			sourceTree = "<group>";
		};
		0D2F9B2D2182F0AC006C699D /* Products */ = {
			isa = PBXGroup;
			children = (
				0D2F9B2C2182F0AC006C699D /* iOS-Jenkins.app */,
				0D2F9B432182F0AC006C699D /* iOS-JenkinsTests.xctest */,
				0D2F9B4E2182F0AC006C699D /* iOS-JenkinsUITests.xctest */,
			);
			name = Products;
			sourceTree = "<group>";
		};
		0D2F9B2E2182F0AC006C699D /* iOS-Jenkins */ = {
			isa = PBXGroup;
			children = (
				0D2F9B2F2182F0AC006C699D /* AppDelegate.swift */,
				0D2F9B312182F0AC006C699D /* ViewController.swift */,
				0D2F9B332182F0AC006C699D /* Main.storyboard */,
				0D2F9B392182F0AC006C699D /* Assets.xcassets */,
				0D2F9B3B2182F0AC006C699D /* LaunchScreen.storyboard */,
				0D2F9B3E2182F0AC006C699D /* Info.plist */,
				0D2F9B362182F0AC006C699D /* iOS_Jenkins.xcdatamodeld */,
			);
			path = "iOS-Jenkins";
			sourceTree = "<group>";
		};
		0D2F9B462182F0AC006C699D /* iOS-JenkinsTests */ = {
			isa = PBXGroup;
			children = (
				0D2F9B472182F0AC006C699D /* iOS_JenkinsTests.swift */,
				0D2F9B492182F0AC006C699D /* Info.plist */,
			);
			path = "iOS-JenkinsTests";
			sourceTree = "<group>";
		};
		0D2F9B512182F0AC006C699D /* iOS-JenkinsUITests */ = {
			isa = PBXGroup;
			children = (
				0D2F9B522182F0AC006C699D /* iOS_JenkinsUITests.swift */,
				0D2F9B542182F0AC006C699D /* Info.plist */,
			);
			path = "iOS-JenkinsUITests";
			sourceTree = "<group>";
		};
/* End PBXGroup section */

/* Begin PBXNativeTarget section */
		0D2F9B2B2182F0AC006C699D /* iOS-Jenkins */ = {
			isa = PBXNativeTarget;
			buildConfigurationList = 0D2F9B572182F0AC006C699D /* Build configuration list for PBXNativeTarget "iOS-Jenkins" */;
			buildPhases = (
				0D2F9B282182F0AC006C699D /* Sources */,
				0D2F9B292182F0AC006C699D /* Frameworks */,
				0D2F9B2A2182F0AC006C699D /* Resources */,
			);
			buildRules = (
			);
			dependencies = (
			);
			name = "iOS-Jenkins";
			productName = "iOS-Jenkins";
			productReference = 0D2F9B2C2182F0AC006C699D /* iOS-Jenkins.app */;
			productType = "com.apple.product-type.application";
		};
		0D2F9B422182F0AC006C699D /* iOS-JenkinsTests */ = {
			isa = PBXNativeTarget;
			buildConfigurationList = 0D2F9B5A2182F0AC006C699D /* Build configuration list for PBXNativeTarget "iOS-JenkinsTests" */;
			buildPhases = (
				0D2F9B3F2182F0AC006C699D /* Sources */,
				0D2F9B402182F0AC006C699D /* Frameworks */,
				0D2F9B412182F0AC006C699D /* Resources */,
			);
			buildRules = (
			);
			dependencies = (
				0D2F9B452182F0AC006C699D /* PBXTargetDependency */,
			);
			name = "iOS-JenkinsTests";
			productName = "iOS-JenkinsTests";
			productReference = 0D2F9B432182F0AC006C699D /* iOS-JenkinsTests.xctest */;
			productType = "com.apple.product-type.bundle.unit-test";
		};
		0D2F9B4D2182F0AC006C699D /* iOS-JenkinsUITests */ = {
			isa = PBXNativeTarget;
			buildConfigurationList = 0D2F9B5D2182F0AC006C699D /* Build configuration list for PBXNativeTarget "iOS-JenkinsUITests" */;
			buildPhases = (
				0D2F9B4A2182F0AC006C699D /* Sources */,
				0D2F9B4B2182F0AC006C699D /* Frameworks */,
				0D2F9B4C2182F0AC006C699D /* Resources */,
			);
			buildRules = (
			);
			dependencies = (
				0D2F9B502182F0AC006C699D /* PBXTargetDependency */,
			);
			name = "iOS-JenkinsUITests";
			productName = "iOS-JenkinsUITests";
			productReference = 0D2F9B4E2182F0AC006C699D /* iOS-JenkinsUITests.xctest */;
			productType = "com.apple.product-type.bundle.ui-testing";
		};
/* End PBXNativeTarget section */

/* Begin PBXProject section */
		0D2F9B242182F0AC006C699D /* Project object */ = {
			isa = PBXProject;
			attributes = {
				LastSwiftUpdateCheck = 0920;
				LastUpgradeCheck = 0920;
				ORGANIZATIONNAME = Saurabh;
				TargetAttributes = {
					0D2F9B2B2182F0AC006C699D = {
						CreatedOnToolsVersion = 9.2;
						ProvisioningStyle = Automatic;
					};
					0D2F9B422182F0AC006C699D = {
						CreatedOnToolsVersion = 9.2;
						ProvisioningStyle = Automatic;
						TestTargetID = 0D2F9B2B2182F0AC006C699D;
					};
					0D2F9B4D2182F0AC006C699D = {
						CreatedOnToolsVersion = 9.2;
						ProvisioningStyle = Automatic;
						TestTargetID = 0D2F9B2B2182F0AC006C699D;
					};
				};
			};
			buildConfigurationList = 0D2F9B272182F0AC006C699D /* Build configuration list for PBXProject "iOS-Jenkins" */;
			compatibilityVersion = "Xcode 8.0";
			developmentRegion = en;
			hasScannedForEncodings = 0;
			knownRegions = (
				en,
				Base,
			);
			mainGroup = 0D2F9B232182F0AC006C699D;
			productRefGroup = 0D2F9B2D2182F0AC006C699D /* Products */;
			projectDirPath = "";
			projectRoot = "";
			targets = (
				0D2F9B2B2182F0AC006C699D /* iOS-Jenkins */,
				0D2F9B422182F0AC006C699D /* iOS-JenkinsTests */,
				0D2F9B4D2182F0AC006C699D /* iOS-JenkinsUITests */,
			);
		};
/* End PBXProject section */

/* Begin PBXResourcesBuildPhase section */
		0D2F9B2A2182F0AC006C699D /* Resources */ = {
			isa = PBXResourcesBuildPhase;
			buildActionMask = 2147483647;
			files = (
				0D2F9B3D2182F0AC006C699D /* LaunchScreen.storyboard in Resources */,
				0D2F9B3A2182F0AC006C699D /* Assets.xcassets in Resources */,
				0D2F9B352182F0AC006C699D /* Main.storyboard in Resources */,
			);
			runOnlyForDeploymentPostprocessing = 0;
		};
		0D2F9B412182F0AC006C699D /* Resources */ = {
			isa = PBXResourcesBuildPhase;
			buildActionMask = 2147483647;
			files = (
			);
			runOnlyForDeploymentPostprocessing = 0;
		};
		0D2F9B4C2182F0AC006C699D /* Resources */ = {
			isa = PBXResourcesBuildPhase;
			buildActionMask = 2147483647;
			files = (
			);
			runOnlyForDeploymentPostprocessing = 0;
		};
/* End PBXResourcesBuildPhase section */

/* Begin PBXSourcesBuildPhase section */
		0D2F9B282182F0AC006C699D /* Sources */ = {
			isa = PBXSourcesBuildPhase;
			buildActionMask = 2147483647;
			files = (
				0D2F9B322182F0AC006C699D /* ViewController.swift in Sources */,
				0D2F9B302182F0AC006C699D /* AppDelegate.swift in Sources */,
				0D2F9B382182F0AC006C699D /* iOS_Jenkins.xcdatamodeld in Sources */,
			);
			runOnlyForDeploymentPostprocessing = 0;
		};
		0D2F9B3F2182F0AC006C699D /* Sources */ = {
			isa = PBXSourcesBuildPhase;
			buildActionMask = 2147483647;
			files = (
				0D2F9B482182F0AC006C699D /* iOS_JenkinsTests.swift in Sources */,
			);
			runOnlyForDeploymentPostprocessing = 0;
		};
		0D2F9B4A2182F0AC006C699D /* Sources */ = {
			isa = PBXSourcesBuildPhase;
			buildActionMask = 2147483647;
			files = (
				0D2F9B532182F0AC006C699D /* iOS_JenkinsUITests.swift in Sources */,
			);
			runOnlyForDeploymentPostprocessing = 0;
		};
/* End PBXSourcesBuildPhase section */

/* Begin PBXTargetDependency section */
		0D2F9B452182F0AC006C699D /* PBXTargetDependency */ = {
			isa = PBXTargetDependency;
			target = 0D2F9B2B2182F0AC006C699D /* iOS-Jenkins */;
			targetProxy = 0D2F9B442182F0AC006C699D /* PBXContainerItemProxy */;
		};
		0D2F9B502182F0AC006C699D /* PBXTargetDependency */ = {
			isa = PBXTargetDependency;
			target = 0D2F9B2B2182F0AC006C699D /* iOS-Jenkins */;
			targetProxy = 0D2F9B4F2182F0AC006C699D /* PBXContainerItemProxy */;
		};
/* End PBXTargetDependency section */

/* Begin PBXVariantGroup section */
		0D2F9B332182F0AC006C699D /* Main.storyboard */ = {
			isa = PBXVariantGroup;
			children = (
				0D2F9B342182F0AC006C699D /* Base */,
			);
			name = Main.storyboard;
			sourceTree = "<group>";
		};
		0D2F9B3B2182F0AC006C699D /* LaunchScreen.storyboard */ = {
			isa = PBXVariantGroup;
			children = (
				0D2F9B3C2182F0AC006C699D /* Base */,
			);
			name = LaunchScreen.storyboard;
			sourceTree = "<group>";
		};
/* End PBXVariantGroup section */

/* Begin XCBuildConfiguration section */
		0D2F9B552182F0AC006C699D /* Debug */ = {
			isa = XCBuildConfiguration;
			buildSettings = {
				ALWAYS_SEARCH_USER_PATHS = NO;
				CLANG_ANALYZER_NONNULL = YES;
				CLANG_ANALYZER_NUMBER_OBJECT_CONVERSION = YES_AGGRESSIVE;
				CLANG_CXX_LANGUAGE_STANDARD = "gnu++14";
				CLANG_CXX_LIBRARY = "libc++";
				CLANG_ENABLE_MODULES = YES;
				CLANG_ENABLE_OBJC_ARC = YES;
				CLANG_WARN_BLOCK_CAPTURE_AUTORELEASING = YES;
				CLANG_WARN_BOOL_CONVERSION = YES;
				CLANG_WARN_COMMA = YES;
				CLANG_WARN_CONSTANT_CONVERSION = YES;
				CLANG_WARN_DIRECT_OBJC_ISA_USAGE = YES_ERROR;
				CLANG_WARN_DOCUMENTATION_COMMENTS = YES;
				CLANG_WARN_EMPTY_BODY = YES;
				CLANG_WARN_ENUM_CONVERSION = YES;
				CLANG_WARN_INFINITE_RECURSION = YES;
				CLANG_WARN_INT_CONVERSION = YES;
				CLANG_WARN_NON_LITERAL_NULL_CONVERSION = YES;
				CLANG_WARN_OBJC_LITERAL_CONVERSION = YES;
				CLANG_WARN_OBJC_ROOT_CLASS = YES_ERROR;
				CLANG_WARN_RANGE_LOOP_ANALYSIS = YES;
				CLANG_WARN_STRICT_PROTOTYPES = YES;
				CLANG_WARN_SUSPICIOUS_MOVE = YES;
				CLANG_WARN_UNGUARDED_AVAILABILITY = YES_AGGRESSIVE;
				CLANG_WARN_UNREACHABLE_CODE = YES;
				CLANG_WARN__DUPLICATE_METHOD_MATCH = YES;
				CODE_SIGN_IDENTITY = "iPhone Developer";
				COPY_PHASE_STRIP = NO;
				DEBUG_INFORMATION_FORMAT = dwarf;
				ENABLE_STRICT_OBJC_MSGSEND = YES;
				ENABLE_TESTABILITY = YES;
				GCC_C_LANGUAGE_STANDARD = gnu11;
				GCC_DYNAMIC_NO_PIC = NO;
				GCC_NO_COMMON_BLOCKS = YES;
				GCC_OPTIMIZATION_LEVEL = 0;
				GCC_PREPROCESSOR_DEFINITIONS = (
					"DEBUG=1",
					"$(inherited)",
				);
				GCC_WARN_64_TO_32_BIT_CONVERSION = YES;
				GCC_WARN_ABOUT_RETURN_TYPE = YES_ERROR;
				GCC_WARN_UNDECLARED_SELECTOR = YES;
				GCC_WARN_UNINITIALIZED_AUTOS = YES_AGGRESSIVE;
				GCC_WARN_UNUSED_FUNCTION = YES;
				GCC_WARN_UNUSED_VARIABLE = YES;
				IPHONEOS_DEPLOYMENT_TARGET = 11.2;
				MTL_ENABLE_DEBUG_INFO = YES;
				ONLY_ACTIVE_ARCH = YES;
				SDKROOT = iphoneos;
				SWIFT_ACTIVE_COMPILATION_CONDITIONS = DEBUG;
				SWIFT_OPTIMIZATION_LEVEL = "-Onone";
			};
			name = Debug;
		};
		0D2F9B562182F0AC006C699D /* Release */ = {
			isa = XCBuildConfiguration;
			buildSettings = {
				ALWAYS_SEARCH_USER_PATHS = NO;
				CLANG_ANALYZER_NONNULL = YES;
				CLANG_ANALYZER_NUMBER_OBJECT_CONVERSION = YES_AGGRESSIVE;
				CLANG_CXX_LANGUAGE_STANDARD = "gnu++14";
				CLANG_CXX_LIBRARY = "libc++";
				CLANG_ENABLE_MODULES = YES;
				CLANG_ENABLE_OBJC_ARC = YES;
				CLANG_WARN_BLOCK_CAPTURE_AUTORELEASING = YES;
				CLANG_WARN_BOOL_CONVERSION = YES;
				CLANG_WARN_COMMA = YES;
				CLANG_WARN_CONSTANT_CONVERSION = YES;
				CLANG_WARN_DIRECT_OBJC_ISA_USAGE = YES_ERROR;
				CLANG_WARN_DOCUMENTATION_COMMENTS = YES;
				CLANG_WARN_EMPTY_BODY = YES;
				CLANG_WARN_ENUM_CONVERSION = YES;
				CLANG_WARN_INFINITE_RECURSION = YES;
				CLANG_WARN_INT_CONVERSION = YES;
				CLANG_WARN_NON_LITERAL_NULL_CONVERSION = YES;
				CLANG_WARN_OBJC_LITERAL_CONVERSION = YES;
				CLANG_WARN_OBJC_ROOT_CLASS = YES_ERROR;
				CLANG_WARN_RANGE_LOOP_ANALYSIS = YES;
				CLANG_WARN_STRICT_PROTOTYPES = YES;
				CLANG_WARN_SUSPICIOUS_MOVE = YES;
				CLANG_WARN_UNGUARDED_AVAILABILITY = YES_AGGRESSIVE;
				CLANG_WARN_UNREACHABLE_CODE = YES;
				CLANG_WARN__DUPLICATE_METHOD_MATCH = YES;
				CODE_SIGN_IDENTITY = "iPhone Developer";
				COPY_PHASE_STRIP = NO;
				DEBUG_INFORMATION_FORMAT = "dwarf-with-dsym";
				ENABLE_NS_ASSERTIONS = NO;
				ENABLE_STRICT_OBJC_MSGSEND = YES;
				GCC_C_LANGUAGE_STANDARD = gnu11;
				GCC_NO_COMMON_BLOCKS = YES;
				GCC_WARN_64_TO_32_BIT_CONVERSION = YES;
				GCC_WARN_ABOUT_RETURN_TYPE = YES_ERROR;
				GCC_WARN_UNDECLARED_SELECTOR = YES;
				GCC_WARN_UNINITIALIZED_AUTOS = YES_AGGRESSIVE;
				GCC_WARN_UNUSED_FUNCTION = YES;
				GCC_WARN_UNUSED_VARIABLE = YES;
				IPHONEOS_DEPLOYMENT_TARGET = 11.2;
				MTL_ENABLE_DEBUG_INFO = NO;
				SDKROOT = iphoneos;
				SWIFT_OPTIMIZATION_LEVEL = "-Owholemodule";
				VALIDATE_PRODUCT = YES;
			};
			name = Release;
		};
		0D2F9B582182F0AC006C699D /* Debug */ = {
			isa = XCBuildConfiguration;
			buildSettings = {
				ASSETCATALOG_COMPILER_APPICON_NAME = AppIcon;
				CODE_SIGN_STYLE = Automatic;
				INFOPLIST_FILE = "iOS-Jenkins/Info.plist";
				LD_RUNPATH_SEARCH_PATHS = "$(inherited) @executable_path/Frameworks";
				PRODUCT_BUNDLE_IDENTIFIER = "com.jabong.com.iOS-Jenkins";
				PRODUCT_NAME = "$(TARGET_NAME)";
				SWIFT_VERSION = 4.0;
				TARGETED_DEVICE_FAMILY = "1,2";
			};
			name = Debug;
		};
		0D2F9B592182F0AC006C699D /* Release */ = {
			isa = XCBuildConfiguration;
			buildSettings = {
				ASSETCATALOG_COMPILER_APPICON_NAME = AppIcon;
				CODE_SIGN_STYLE = Automatic;
				INFOPLIST_FILE = "iOS-Jenkins/Info.plist";
				LD_RUNPATH_SEARCH_PATHS = "$(inherited) @executable_path/Frameworks";
				PRODUCT_BUNDLE_IDENTIFIER = "com.jabong.com.iOS-Jenkins";
				PRODUCT_NAME = "$(TARGET_NAME)";
				SWIFT_VERSION = 4.0;
				TARGETED_DEVICE_FAMILY = "1,2";
			};
			name = Release;
		};
		0D2F9B5B2182F0AC006C699D /* Debug */ = {
			isa = XCBuildConfiguration;
			buildSettings = {
				ALWAYS_EMBED_SWIFT_STANDARD_LIBRARIES = YES;
				BUNDLE_LOADER = "$(TEST_HOST)";
				CODE_SIGN_STYLE = Automatic;
				INFOPLIST_FILE = "iOS-JenkinsTests/Info.plist";
				LD_RUNPATH_SEARCH_PATHS = "$(inherited) @executable_path/Frameworks @loader_path/Frameworks";
				PRODUCT_BUNDLE_IDENTIFIER = "com.jabong.com.iOS-JenkinsTests";
				PRODUCT_NAME = "$(TARGET_NAME)";
				SWIFT_VERSION = 4.0;
				TARGETED_DEVICE_FAMILY = "1,2";
				TEST_HOST = "$(BUILT_PRODUCTS_DIR)/iOS-Jenkins.app/iOS-Jenkins";
			};
			name = Debug;
		};
		0D2F9B5C2182F0AC006C699D /* Release */ = {
			isa = XCBuildConfiguration;
			buildSettings = {
				ALWAYS_EMBED_SWIFT_STANDARD_LIBRARIES = YES;
				BUNDLE_LOADER = "$(TEST_HOST)";
				CODE_SIGN_STYLE = Automatic;
				INFOPLIST_FILE = "iOS-JenkinsTests/Info.plist";
				LD_RUNPATH_SEARCH_PATHS = "$(inherited) @executable_path/Frameworks @loader_path/Frameworks";
				PRODUCT_BUNDLE_IDENTIFIER = "com.jabong.com.iOS-JenkinsTests";
				PRODUCT_NAME = "$(TARGET_NAME)";
				SWIFT_VERSION = 4.0;
				TARGETED_DEVICE_FAMILY = "1,2";
				TEST_HOST = "$(BUILT_PRODUCTS_DIR)/iOS-Jenkins.app/iOS-Jenkins";
			};
			name = Release;
		};
		0D2F9B5E2182F0AC006C699D /* Debug */ = {
			isa = XCBuildConfiguration;
			buildSettings = {
				ALWAYS_EMBED_SWIFT_STANDARD_LIBRARIES = YES;
				CODE_SIGN_STYLE = Automatic;
				INFOPLIST_FILE = "iOS-JenkinsUITests/Info.plist";
				LD_RUNPATH_SEARCH_PATHS = "$(inherited) @executable_path/Frameworks @loader_path/Frameworks";
				PRODUCT_BUNDLE_IDENTIFIER = "com.jabong.com.iOS-JenkinsUITests";
				PRODUCT_NAME = "$(TARGET_NAME)";
				SWIFT_VERSION = 4.0;
				TARGETED_DEVICE_FAMILY = "1,2";
				TEST_TARGET_NAME = "iOS-Jenkins";
			};
			name = Debug;
		};
		0D2F9B5F2182F0AC006C699D /* Release */ = {
			isa = XCBuildConfiguration;
			buildSettings = {
				ALWAYS_EMBED_SWIFT_STANDARD_LIBRARIES = YES;
				CODE_SIGN_STYLE = Automatic;
				INFOPLIST_FILE = "iOS-JenkinsUITests/Info.plist";
				LD_RUNPATH_SEARCH_PATHS = "$(inherited) @executable_path/Frameworks @loader_path/Frameworks";
				PRODUCT_BUNDLE_IDENTIFIER = "com.jabong.com.iOS-JenkinsUITests";
				PRODUCT_NAME = "$(TARGET_NAME)";
				SWIFT_VERSION = 4.0;
				TARGETED_DEVICE_FAMILY = "1,2";
				TEST_TARGET_NAME = "iOS-Jenkins";
			};
			name = Release;
		};
/* End XCBuildConfiguration section */

/* Begin XCConfigurationList section */
		0D2F9B272182F0AC006C699D /* Build configuration list for PBXProject "iOS-Jenkins" */ = {
			isa = XCConfigurationList;
			buildConfigurations = (
				0D2F9B552182F0AC006C699D /* Debug */,
				0D2F9B562182F0AC006C699D /* Release */,
			);
			defaultConfigurationIsVisible = 0;
			defaultConfigurationName = Release;
		};
		0D2F9B572182F0AC006C699D /* Build configuration list for PBXNativeTarget "iOS-Jenkins" */ = {
			isa = XCConfigurationList;
			buildConfigurations = (
				0D2F9B582182F0AC006C699D /* Debug */,
				0D2F9B592182F0AC006C699D /* Release */,
			);
			defaultConfigurationIsVisible = 0;
			defaultConfigurationName = Release;
		};
		0D2F9B5A2182F0AC006C699D /* Build configuration list for PBXNativeTarget "iOS-JenkinsTests" */ = {
			isa = XCConfigurationList;
			buildConfigurations = (
				0D2F9B5B2182F0AC006C699D /* Debug */,
				0D2F9B5C2182F0AC006C699D /* Release */,
			);
			defaultConfigurationIsVisible = 0;
			defaultConfigurationName = Release;
		};
		0D2F9B5D2182F0AC006C699D /* Build configuration list for PBXNativeTarget "iOS-JenkinsUITests" */ = {
			isa = XCConfigurationList;
			buildConfigurations = (
				0D2F9B5E2182F0AC006C699D /* Debug */,
				0D2F9B5F2182F0AC006C699D /* Release */,
			);
			defaultConfigurationIsVisible = 0;
			defaultConfigurationName = Release;
		};
/* End XCConfigurationList section */

/* Begin XCVersionGroup section */
		0D2F9B362182F0AC006C699D /* iOS_Jenkins.xcdatamodeld */ = {
			isa = XCVersionGroup;
			children = (
				0D2F9B372182F0AC006C699D /* iOS_Jenkins.xcdatamodel */,
			);
			currentVersion = 0D2F9B372182F0AC006C699D /* iOS_Jenkins.xcdatamodel */;
			path = iOS_Jenkins.xcdatamodeld;
			sourceTree = "<group>";
			versionGroupType = wrapper.xcdatamodel;
		};
/* End XCVersionGroup section */
	};
	rootObject = 0D2F9B242182F0AC006C699D /* Project object */;
}
